{
  "name": "AppTiempos",
  "lockfileVersion": 3,
  "requires": true,
  "packages": {
    "": {
      "dependencies": {
        "@fontsource/open-sans": "^5.0.28",
        "@fontsource/poppins": "^5.0.14"
      }
    },
    "node_modules/@fontsource/open-sans": {
      "version": "5.0.28",
      "resolved": "https://registry.npmjs.org/@fontsource/open-sans/-/open-sans-5.0.28.tgz",
      "integrity": "sha512-hBvJHY76pJT/JynGUB5EXWhnzjYfLdcMn655J5p1v9lTT9HdQSy+keq2KPVXO2Htlg998BBa3p6u/jlrZ6w0kg=="
    },
    "node_modules/@fontsource/poppins": {
      "version": "5.0.14",
      "resolved": "https://registry.npmjs.org/@fontsource/poppins/-/poppins-5.0.14.tgz",
      "integrity": "sha512-nmM1zpPo3Uh4JcGAVSQuWaZNYh2FbbwWhZ5t6hRaynmJaNTBW85d3nEh9zMmzI0HX7X5xqQVdRHeDatKpOGsnA=="
    }
  }
}
